
Microsoft Visual Studio Solution File, Format Version 12.00
# Visual Studio Version 17
VisualStudioVersion = 17.0.31903.59
MinimumVisualStudioVersion = 10.0.40219.1
Project("{9A19103F-16F7-4668-BE54-9A1E7A4F7556}") = "Nivaes.Async", "Nivaes.Async\Nivaes.Async.csproj", "{1C210E5C-DB96-450A-AAD3-7E9A490A6C77}"
EndProject
Project("{2150E333-8FDC-42A3-9474-1A3956D46DE8}") = "Solution Items", "Solution Items", "{471DB30B-9B29-4995-8998-F4B932884709}"
	ProjectSection(SolutionItems) = preProject
		.editorconfig = .editorconfig
		Directory.Build.props = Directory.Build.props
		Directory.Build.targets = Directory.Build.targets
		Directory.Packages.props = Directory.Packages.props
		global.json = global.json
	EndProjectSection
EndProject
Project("{9A19103F-16F7-4668-BE54-9A1E7A4F7556}") = "Nivaes.Async.UnitTest", "Nivaes.Async.UnitTest\Nivaes.Async.UnitTest.csproj", "{490E3C1F-1557-4A05-85AF-820656BDE4E5}"
EndProject
Project("{2150E333-8FDC-42A3-9474-1A3956D46DE8}") = "Documentation", "Documentation", "{87CC8064-26A9-4082-9EF1-E224304EA566}"
	ProjectSection(SolutionItems) = preProject
		README.md = README.md
	EndProjectSection
EndProject
Project("{2150E333-8FDC-42A3-9474-1A3956D46DE8}") = "docs", "docs", "{54739534-F2D5-4D0A-871C-B079B521F537}"
EndProject
Project("{2150E333-8FDC-42A3-9474-1A3956D46DE8}") = ".github", ".github", "{2ACCD343-194B-4A49-8C4F-E4F3BD9A6E46}"
	ProjectSection(SolutionItems) = preProject
		.github\dependabot.yml = .github\dependabot.yml
	EndProjectSection
EndProject
Global
	GlobalSection(SolutionConfigurationPlatforms) = preSolution
		Debug|Any CPU = Debug|Any CPU
		Release|Any CPU = Release|Any CPU
	EndGlobalSection
	GlobalSection(ProjectConfigurationPlatforms) = postSolution
		{1C210E5C-DB96-450A-AAD3-7E9A490A6C77}.Debug|Any CPU.ActiveCfg = Debug|Any CPU
		{1C210E5C-DB96-450A-AAD3-7E9A490A6C77}.Debug|Any CPU.Build.0 = Debug|Any CPU
		{1C210E5C-DB96-450A-AAD3-7E9A490A6C77}.Release|Any CPU.ActiveCfg = Release|Any CPU
		{1C210E5C-DB96-450A-AAD3-7E9A490A6C77}.Release|Any CPU.Build.0 = Release|Any CPU
		{490E3C1F-1557-4A05-85AF-820656BDE4E5}.Debug|Any CPU.ActiveCfg = Debug|Any CPU
		{490E3C1F-1557-4A05-85AF-820656BDE4E5}.Debug|Any CPU.Build.0 = Debug|Any CPU
		{490E3C1F-1557-4A05-85AF-820656BDE4E5}.Release|Any CPU.ActiveCfg = Release|Any CPU
		{490E3C1F-1557-4A05-85AF-820656BDE4E5}.Release|Any CPU.Build.0 = Release|Any CPU
	EndGlobalSection
	GlobalSection(SolutionProperties) = preSolution
		HideSolutionNode = FALSE
	EndGlobalSection
	GlobalSection(NestedProjects) = preSolution
		{F4D73AD5-D1A8-40B9-A368-F80EE1EC5F53} = {471DB30B-9B29-4995-8998-F4B932884709}
		{54739534-F2D5-4D0A-871C-B079B521F537} = {87CC8064-26A9-4082-9EF1-E224304EA566}
		{2ACCD343-194B-4A49-8C4F-E4F3BD9A6E46} = {471DB30B-9B29-4995-8998-F4B932884709}
	EndGlobalSection
	GlobalSection(ExtensibilityGlobals) = postSolution
		SolutionGuid = {F1293C21-FC06-453B-9A57-9160C13E28A4}
	EndGlobalSection
EndGlobal
